
Microsoft Visual Studio Solution File, Format Version 12.00
# Visual Studio Version 17
VisualStudioVersion = 17.10.34916.146
MinimumVisualStudioVersion = 10.0.40219.1
Project("{FAE04EC0-301F-11D3-BF4B-00C04F79EFBC}") = "Navistar", "Navistar.csproj", "{250710A1-E14C-43D1-92EE-C19862C2161A}"
EndProject
Global
	GlobalSection(SolutionConfigurationPlatforms) = preSolution
		Debug|Any CPU = Debug|Any CPU
		Release|Any CPU = Release|Any CPU
	EndGlobalSection
	GlobalSection(ProjectConfigurationPlatforms) = postSolution
		{250710A1-E14C-43D1-92EE-C19862C2161A}.Debug|Any CPU.ActiveCfg = Debug|Any CPU
		{250710A1-E14C-43D1-92EE-C19862C2161A}.Debug|Any CPU.Build.0 = Debug|Any CPU
		{250710A1-E14C-43D1-92EE-C19862C2161A}.Release|Any CPU.ActiveCfg = Release|Any CPU
		{250710A1-E14C-43D1-92EE-C19862C2161A}.Release|Any CPU.Build.0 = Release|Any CPU
	EndGlobalSection
	GlobalSection(SolutionProperties) = preSolution
		HideSolutionNode = FALSE
	EndGlobalSection
	GlobalSection(ExtensibilityGlobals) = postSolution
		SolutionGuid = {CB2BBFC9-5185-4763-8CC0-807557656828}
	EndGlobalSection
EndGlobal
